
Microsoft Visual Studio Solution File, Format Version 12.00
# Visual Studio Version 17
VisualStudioVersion = 17.11.35222.181
MinimumVisualStudioVersion = 10.0.40219.1
Project("{FAE04EC0-301F-11D3-BF4B-00C04F79EFBC}") = "not_happy_new_year", "not_happy_new_year\not_happy_new_year.csproj", "{90143C00-146A-44A1-ACA2-B55F537C73DC}"
EndProject
Global
	GlobalSection(SolutionConfigurationPlatforms) = preSolution
		Debug|Any CPU = Debug|Any CPU
		Release|Any CPU = Release|Any CPU
	EndGlobalSection
	GlobalSection(ProjectConfigurationPlatforms) = postSolution
		{90143C00-146A-44A1-ACA2-B55F537C73DC}.Debug|Any CPU.ActiveCfg = Debug|Any CPU
		{90143C00-146A-44A1-ACA2-B55F537C73DC}.Debug|Any CPU.Build.0 = Debug|Any CPU
		{90143C00-146A-44A1-ACA2-B55F537C73DC}.Release|Any CPU.ActiveCfg = Release|Any CPU
		{90143C00-146A-44A1-ACA2-B55F537C73DC}.Release|Any CPU.Build.0 = Release|Any CPU
	EndGlobalSection
	GlobalSection(SolutionProperties) = preSolution
		HideSolutionNode = FALSE
	EndGlobalSection
	GlobalSection(ExtensibilityGlobals) = postSolution
		SolutionGuid = {DFCA8902-4029-4A26-84CE-5C5407455B0A}
	EndGlobalSection
EndGlobal
